
Microsoft Visual Studio Solution File, Format Version 12.00
# Visual Studio 15
VisualStudioVersion = 15.0.26403.7
MinimumVisualStudioVersion = 10.0.40219.1
Project("{FAE04EC0-301F-11D3-BF4B-00C04F79EFBC}") = "ImgurSniper", "ImgurSniper\ImgurSniper.csproj", "{8ED6ECEF-039D-4BA1-87E3-E8EA7A8237C4}"
EndProject
Project("{FAE04EC0-301F-11D3-BF4B-00C04F79EFBC}") = "ImgurSniper.UI", "ImgurSniper.UI\ImgurSniper.UI.csproj", "{CE496908-66AD-419A-8903-7CA8A8902DC1}"
EndProject
Project("{FAE04EC0-301F-11D3-BF4B-00C04F79EFBC}") = "Cleanup", "Cleanup\Cleanup.csproj", "{98225C44-F760-4A53-AB5C-062875AF7D1F}"
EndProject
Project("{FAE04EC0-301F-11D3-BF4B-00C04F79EFBC}") = "AddToContextMenu", "AddToContextMenu\AddToContextMenu.csproj", "{82FEAF8B-BEB8-4C5A-B694-D0B708844843}"
EndProject
Project("{54435603-DBB4-11D2-8724-00A0C9A8B90C}") = "ImgurSniperSetup", "ImgurSniperSetup\ImgurSniperSetup.vdproj", "{B012628C-2D4D-48A0-A760-70AD715AA1BC}"
EndProject
Project("{FAE04EC0-301F-11D3-BF4B-00C04F79EFBC}") = "FFmpegManager", "FFmpegManager\FFmpegManager.csproj", "{FFE83E16-5E55-485E-ACAC-99D585C74070}"
EndProject
Global
	GlobalSection(SolutionConfigurationPlatforms) = preSolution
		Debug|Any CPU = Debug|Any CPU
		Release|Any CPU = Release|Any CPU
	EndGlobalSection
	GlobalSection(ProjectConfigurationPlatforms) = postSolution
		{8ED6ECEF-039D-4BA1-87E3-E8EA7A8237C4}.Debug|Any CPU.ActiveCfg = Debug|Any CPU
		{8ED6ECEF-039D-4BA1-87E3-E8EA7A8237C4}.Debug|Any CPU.Build.0 = Debug|Any CPU
		{8ED6ECEF-039D-4BA1-87E3-E8EA7A8237C4}.Release|Any CPU.ActiveCfg = Release|Any CPU
		{8ED6ECEF-039D-4BA1-87E3-E8EA7A8237C4}.Release|Any CPU.Build.0 = Release|Any CPU
		{CE496908-66AD-419A-8903-7CA8A8902DC1}.Debug|Any CPU.ActiveCfg = Debug|Any CPU
		{CE496908-66AD-419A-8903-7CA8A8902DC1}.Debug|Any CPU.Build.0 = Debug|Any CPU
		{CE496908-66AD-419A-8903-7CA8A8902DC1}.Release|Any CPU.ActiveCfg = Release|Any CPU
		{CE496908-66AD-419A-8903-7CA8A8902DC1}.Release|Any CPU.Build.0 = Release|Any CPU
		{98225C44-F760-4A53-AB5C-062875AF7D1F}.Debug|Any CPU.ActiveCfg = Debug|Any CPU
		{98225C44-F760-4A53-AB5C-062875AF7D1F}.Debug|Any CPU.Build.0 = Debug|Any CPU
		{98225C44-F760-4A53-AB5C-062875AF7D1F}.Release|Any CPU.ActiveCfg = Release|Any CPU
		{98225C44-F760-4A53-AB5C-062875AF7D1F}.Release|Any CPU.Build.0 = Release|Any CPU
		{82FEAF8B-BEB8-4C5A-B694-D0B708844843}.Debug|Any CPU.ActiveCfg = Debug|Any CPU
		{82FEAF8B-BEB8-4C5A-B694-D0B708844843}.Debug|Any CPU.Build.0 = Debug|Any CPU
		{82FEAF8B-BEB8-4C5A-B694-D0B708844843}.Release|Any CPU.ActiveCfg = Release|Any CPU
		{82FEAF8B-BEB8-4C5A-B694-D0B708844843}.Release|Any CPU.Build.0 = Release|Any CPU
		{B012628C-2D4D-48A0-A760-70AD715AA1BC}.Debug|Any CPU.ActiveCfg = Debug
		{B012628C-2D4D-48A0-A760-70AD715AA1BC}.Release|Any CPU.ActiveCfg = Release
		{FFE83E16-5E55-485E-ACAC-99D585C74070}.Debug|Any CPU.ActiveCfg = Debug|Any CPU
		{FFE83E16-5E55-485E-ACAC-99D585C74070}.Debug|Any CPU.Build.0 = Debug|Any CPU
		{FFE83E16-5E55-485E-ACAC-99D585C74070}.Release|Any CPU.ActiveCfg = Release|Any CPU
		{FFE83E16-5E55-485E-ACAC-99D585C74070}.Release|Any CPU.Build.0 = Release|Any CPU
	EndGlobalSection
	GlobalSection(SolutionProperties) = preSolution
		HideSolutionNode = FALSE
	EndGlobalSection
EndGlobal
