
Microsoft Visual Studio Solution File, Format Version 12.00
# Visual Studio 14
VisualStudioVersion = 14.0.25420.1
MinimumVisualStudioVersion = 10.0.40219.1
Project("{FAE04EC0-301F-11D3-BF4B-00C04F79EFBC}") = "ImgurSniper", "ImgurSniper\ImgurSniper.csproj", "{8ED6ECEF-039D-4BA1-87E3-E8EA7A8237C4}"
EndProject
Project("{FAE04EC0-301F-11D3-BF4B-00C04F79EFBC}") = "ImgurSniper.UI", "ImgurSniper.UI\ImgurSniper.UI.csproj", "{CE496908-66AD-419A-8903-7CA8A8902DC1}"
EndProject
Global
	GlobalSection(SolutionConfigurationPlatforms) = preSolution
		Debug|Any CPU = Debug|Any CPU
		Release|Any CPU = Release|Any CPU
	EndGlobalSection
	GlobalSection(ProjectConfigurationPlatforms) = postSolution
		{8ED6ECEF-039D-4BA1-87E3-E8EA7A8237C4}.Debug|Any CPU.ActiveCfg = Debug|Any CPU
		{8ED6ECEF-039D-4BA1-87E3-E8EA7A8237C4}.Debug|Any CPU.Build.0 = Debug|Any CPU
		{8ED6ECEF-039D-4BA1-87E3-E8EA7A8237C4}.Release|Any CPU.ActiveCfg = Release|Any CPU
		{8ED6ECEF-039D-4BA1-87E3-E8EA7A8237C4}.Release|Any CPU.Build.0 = Release|Any CPU
		{CE496908-66AD-419A-8903-7CA8A8902DC1}.Debug|Any CPU.ActiveCfg = Debug|Any CPU
		{CE496908-66AD-419A-8903-7CA8A8902DC1}.Debug|Any CPU.Build.0 = Debug|Any CPU
		{CE496908-66AD-419A-8903-7CA8A8902DC1}.Release|Any CPU.ActiveCfg = Release|Any CPU
		{CE496908-66AD-419A-8903-7CA8A8902DC1}.Release|Any CPU.Build.0 = Release|Any CPU
	EndGlobalSection
	GlobalSection(SolutionProperties) = preSolution
		HideSolutionNode = FALSE
	EndGlobalSection
EndGlobal
